# generated by rye
# use `rye lock` or `rye sync` to update this lockfile
#
# last locked with the following flags:
#   pre: false
#   features: []
#   all-features: false
#   with-sources: false

-e file:.
annotated-types==0.6.0
    # via pydantic
anyio==4.3.0
    # via httpx
attrs==23.2.0
    # via cyclopts
certifi==2024.2.2
    # via httpcore
    # via httpx
cyclopts==2.6.1
    # via skillventory-pycli
docstring-parser==0.15
    # via cyclopts
docutils==0.21.2
    # via rich-rst
h11==0.14.0
    # via httpcore
httpcore==1.0.5
    # via httpx
httpx==0.27.0
    # via skillventory-pycli
idna==3.7
    # via anyio
    # via httpx
markdown-it-py==3.0.0
    # via rich
mdurl==0.1.2
    # via markdown-it-py
pydantic==2.7.1
    # via pydantic-settings
    # via skillventory-pycli
pydantic-config==0.3.0
    # via skillventory-pycli
pydantic-core==2.18.2
    # via pydantic
pydantic-settings==2.2.1
    # via pydantic-config
pygments==2.17.2
    # via rich
python-dotenv==1.0.1
    # via pydantic-settings
rich==13.7.1
    # via cyclopts
    # via rich-rst
    # via skillventory-pycli
rich-rst==1.3.0
    # via cyclopts
sniffio==1.3.1
    # via anyio
    # via httpx
typing-extensions==4.11.0
    # via cyclopts
    # via pydantic
    # via pydantic-core
